
Microsoft Visual Studio Solution File, Format Version 12.00
# Visual Studio Version 17
VisualStudioVersion = 17.10.35013.160
MinimumVisualStudioVersion = 10.0.40219.1
Project("{FAE04EC0-301F-11D3-BF4B-00C04F79EFBC}") = "Order", "Order\Order.csproj", "{B8BBB4A3-2805-4696-B81B-DCBB1C5AF5AD}"
EndProject
Global
	GlobalSection(SolutionConfigurationPlatforms) = preSolution
		Debug|Any CPU = Debug|Any CPU
		Release|Any CPU = Release|Any CPU
	EndGlobalSection
	GlobalSection(ProjectConfigurationPlatforms) = postSolution
		{B8BBB4A3-2805-4696-B81B-DCBB1C5AF5AD}.Debug|Any CPU.ActiveCfg = Debug|Any CPU
		{B8BBB4A3-2805-4696-B81B-DCBB1C5AF5AD}.Debug|Any CPU.Build.0 = Debug|Any CPU
		{B8BBB4A3-2805-4696-B81B-DCBB1C5AF5AD}.Release|Any CPU.ActiveCfg = Release|Any CPU
		{B8BBB4A3-2805-4696-B81B-DCBB1C5AF5AD}.Release|Any CPU.Build.0 = Release|Any CPU
	EndGlobalSection
	GlobalSection(SolutionProperties) = preSolution
		HideSolutionNode = FALSE
	EndGlobalSection
	GlobalSection(ExtensibilityGlobals) = postSolution
		SolutionGuid = {4F4B4BC7-7A99-468F-BF7B-B5FF55A72CC9}
	EndGlobalSection
EndGlobal
